// !$*UTF8*$!
{
	archiveVersion = 1;
	classes = {
	};
	objectVersion = 46;
	objects = {

/* Begin PBXBuildFile section */
		F849D68B18ED93CD00D5E16B /* Foundation.framework in Frameworks */ = {isa = PBXBuildFile; fileRef = F849D68A18ED93CD00D5E16B /* Foundation.framework */; };
		F849D68D18ED93CD00D5E16B /* CoreGraphics.framework in Frameworks */ = {isa = PBXBuildFile; fileRef = F849D68C18ED93CD00D5E16B /* CoreGraphics.framework */; };
		F849D68F18ED93CD00D5E16B /* UIKit.framework in Frameworks */ = {isa = PBXBuildFile; fileRef = F849D68E18ED93CD00D5E16B /* UIKit.framework */; };
		F849D69518ED93CD00D5E16B /* InfoPlist.strings in Resources */ = {isa = PBXBuildFile; fileRef = F849D69318ED93CD00D5E16B /* InfoPlist.strings */; };
		F849D69718ED93CD00D5E16B /* main.m in Sources */ = {isa = PBXBuildFile; fileRef = F849D69618ED93CD00D5E16B /* main.m */; };
		F849D69B18ED93CD00D5E16B /* AppDelegate.m in Sources */ = {isa = PBXBuildFile; fileRef = F849D69A18ED93CD00D5E16B /* AppDelegate.m */; };
		F849D69E18ED93CD00D5E16B /* Main.storyboard in Resources */ = {isa = PBXBuildFile; fileRef = F849D69C18ED93CD00D5E16B /* Main.storyboard */; };
		F849D6A118ED93CD00D5E16B /* MasterViewController.m in Sources */ = {isa = PBXBuildFile; fileRef = F849D6A018ED93CD00D5E16B /* MasterViewController.m */; };
		F849D6A418ED93CD00D5E16B /* DetailViewController.m in Sources */ = {isa = PBXBuildFile; fileRef = F849D6A318ED93CD00D5E16B /* DetailViewController.m */; };
		F849D6A618ED93CD00D5E16B /* Images.xcassets in Resources */ = {isa = PBXBuildFile; fileRef = F849D6A518ED93CD00D5E16B /* Images.xcassets */; };
		F849D6AD18ED93CD00D5E16B /* XCTest.framework in Frameworks */ = {isa = PBXBuildFile; fileRef = F849D6AC18ED93CD00D5E16B /* XCTest.framework */; };
		F849D6AE18ED93CD00D5E16B /* Foundation.framework in Frameworks */ = {isa = PBXBuildFile; fileRef = F849D68A18ED93CD00D5E16B /* Foundation.framework */; };
		F849D6AF18ED93CD00D5E16B /* UIKit.framework in Frameworks */ = {isa = PBXBuildFile; fileRef = F849D68E18ED93CD00D5E16B /* UIKit.framework */; };
		F849D6B718ED93CD00D5E16B /* InfoPlist.strings in Resources */ = {isa = PBXBuildFile; fileRef = F849D6B518ED93CD00D5E16B /* InfoPlist.strings */; };
		F849D6B918ED93CD00D5E16B /* SocialTestTests.m in Sources */ = {isa = PBXBuildFile; fileRef = F849D6B818ED93CD00D5E16B /* SocialTestTests.m */; };
		F849D6C418ED96E300D5E16B /* DealDetail.m in Sources */ = {isa = PBXBuildFile; fileRef = F849D6C318ED96E300D5E16B /* DealDetail.m */; };
		F849D6C718ED9A0E00D5E16B /* DealDetailCell.m in Sources */ = {isa = PBXBuildFile; fileRef = F849D6C618ED9A0E00D5E16B /* DealDetailCell.m */; };
		F849D6C918ED9B6A00D5E16B /* DealDetailCell.xib in Resources */ = {isa = PBXBuildFile; fileRef = F849D6C818ED9B6A00D5E16B /* DealDetailCell.xib */; };
/* End PBXBuildFile section */

/* Begin PBXContainerItemProxy section */
		F849D6B018ED93CD00D5E16B /* PBXContainerItemProxy */ = {
			isa = PBXContainerItemProxy;
			containerPortal = F849D67F18ED93CD00D5E16B /* Project object */;
			proxyType = 1;
			remoteGlobalIDString = F849D68618ED93CD00D5E16B;
			remoteInfo = SocialTest;
		};
/* End PBXContainerItemProxy section */

/* Begin PBXFileReference section */
		F849D68718ED93CD00D5E16B /* SocialTest.app */ = {isa = PBXFileReference; explicitFileType = wrapper.application; includeInIndex = 0; path = SocialTest.app; sourceTree = BUILT_PRODUCTS_DIR; };
		F849D68A18ED93CD00D5E16B /* Foundation.framework */ = {isa = PBXFileReference; lastKnownFileType = wrapper.framework; name = Foundation.framework; path = System/Library/Frameworks/Foundation.framework; sourceTree = SDKROOT; };
		F849D68C18ED93CD00D5E16B /* CoreGraphics.framework */ = {isa = PBXFileReference; lastKnownFileType = wrapper.framework; name = CoreGraphics.framework; path = System/Library/Frameworks/CoreGraphics.framework; sourceTree = SDKROOT; };
		F849D68E18ED93CD00D5E16B /* UIKit.framework */ = {isa = PBXFileReference; lastKnownFileType = wrapper.framework; name = UIKit.framework; path = System/Library/Frameworks/UIKit.framework; sourceTree = SDKROOT; };
		F849D69218ED93CD00D5E16B /* SocialTest-Info.plist */ = {isa = PBXFileReference; lastKnownFileType = text.plist.xml; path = "SocialTest-Info.plist"; sourceTree = "<group>"; };
		F849D69418ED93CD00D5E16B /* en */ = {isa = PBXFileReference; lastKnownFileType = text.plist.strings; name = en; path = en.lproj/InfoPlist.strings; sourceTree = "<group>"; };
		F849D69618ED93CD00D5E16B /* main.m */ = {isa = PBXFileReference; lastKnownFileType = sourcecode.c.objc; path = main.m; sourceTree = "<group>"; };
		F849D69818ED93CD00D5E16B /* SocialTest-Prefix.pch */ = {isa = PBXFileReference; lastKnownFileType = sourcecode.c.h; path = "SocialTest-Prefix.pch"; sourceTree = "<group>"; };
		F849D69918ED93CD00D5E16B /* AppDelegate.h */ = {isa = PBXFileReference; lastKnownFileType = sourcecode.c.h; path = AppDelegate.h; sourceTree = "<group>"; };
		F849D69A18ED93CD00D5E16B /* AppDelegate.m */ = {isa = PBXFileReference; lastKnownFileType = sourcecode.c.objc; path = AppDelegate.m; sourceTree = "<group>"; };
		F849D69D18ED93CD00D5E16B /* Base */ = {isa = PBXFileReference; lastKnownFileType = file.storyboard; name = Base; path = Base.lproj/Main.storyboard; sourceTree = "<group>"; };
		F849D69F18ED93CD00D5E16B /* MasterViewController.h */ = {isa = PBXFileReference; lastKnownFileType = sourcecode.c.h; path = MasterViewController.h; sourceTree = "<group>"; };
		F849D6A018ED93CD00D5E16B /* MasterViewController.m */ = {isa = PBXFileReference; lastKnownFileType = sourcecode.c.objc; path = MasterViewController.m; sourceTree = "<group>"; };
		F849D6A218ED93CD00D5E16B /* DetailViewController.h */ = {isa = PBXFileReference; lastKnownFileType = sourcecode.c.h; path = DetailViewController.h; sourceTree = "<group>"; };
		F849D6A318ED93CD00D5E16B /* DetailViewController.m */ = {isa = PBXFileReference; lastKnownFileType = sourcecode.c.objc; path = DetailViewController.m; sourceTree = "<group>"; };
		F849D6A518ED93CD00D5E16B /* Images.xcassets */ = {isa = PBXFileReference; lastKnownFileType = folder.assetcatalog; path = Images.xcassets; sourceTree = "<group>"; };
		F849D6AB18ED93CD00D5E16B /* SocialTestTests.xctest */ = {isa = PBXFileReference; explicitFileType = wrapper.cfbundle; includeInIndex = 0; path = SocialTestTests.xctest; sourceTree = BUILT_PRODUCTS_DIR; };
		F849D6AC18ED93CD00D5E16B /* XCTest.framework */ = {isa = PBXFileReference; lastKnownFileType = wrapper.framework; name = XCTest.framework; path = Library/Frameworks/XCTest.framework; sourceTree = DEVELOPER_DIR; };
		F849D6B418ED93CD00D5E16B /* SocialTestTests-Info.plist */ = {isa = PBXFileReference; lastKnownFileType = text.plist.xml; path = "SocialTestTests-Info.plist"; sourceTree = "<group>"; };
		F849D6B618ED93CD00D5E16B /* en */ = {isa = PBXFileReference; lastKnownFileType = text.plist.strings; name = en; path = en.lproj/InfoPlist.strings; sourceTree = "<group>"; };
		F849D6B818ED93CD00D5E16B /* SocialTestTests.m */ = {isa = PBXFileReference; lastKnownFileType = sourcecode.c.objc; path = SocialTestTests.m; sourceTree = "<group>"; };
		F849D6C218ED96E300D5E16B /* DealDetail.h */ = {isa = PBXFileReference; fileEncoding = 4; lastKnownFileType = sourcecode.c.h; path = DealDetail.h; sourceTree = "<group>"; };
		F849D6C318ED96E300D5E16B /* DealDetail.m */ = {isa = PBXFileReference; fileEncoding = 4; lastKnownFileType = sourcecode.c.objc; path = DealDetail.m; sourceTree = "<group>"; };
		F849D6C518ED9A0E00D5E16B /* DealDetailCell.h */ = {isa = PBXFileReference; fileEncoding = 4; lastKnownFileType = sourcecode.c.h; path = DealDetailCell.h; sourceTree = "<group>"; };
		F849D6C618ED9A0E00D5E16B /* DealDetailCell.m */ = {isa = PBXFileReference; fileEncoding = 4; lastKnownFileType = sourcecode.c.objc; path = DealDetailCell.m; sourceTree = "<group>"; };
		F849D6C818ED9B6A00D5E16B /* DealDetailCell.xib */ = {isa = PBXFileReference; fileEncoding = 4; lastKnownFileType = file.xib; path = DealDetailCell.xib; sourceTree = "<group>"; };
/* End PBXFileReference section */

/* Begin PBXFrameworksBuildPhase section */
		F849D68418ED93CD00D5E16B /* Frameworks */ = {
			isa = PBXFrameworksBuildPhase;
			buildActionMask = 2147483647;
			files = (
				F849D68D18ED93CD00D5E16B /* CoreGraphics.framework in Frameworks */,
				F849D68F18ED93CD00D5E16B /* UIKit.framework in Frameworks */,
				F849D68B18ED93CD00D5E16B /* Foundation.framework in Frameworks */,
			);
			runOnlyForDeploymentPostprocessing = 0;
		};
		F849D6A818ED93CD00D5E16B /* Frameworks */ = {
			isa = PBXFrameworksBuildPhase;
			buildActionMask = 2147483647;
			files = (
				F849D6AD18ED93CD00D5E16B /* XCTest.framework in Frameworks */,
				F849D6AF18ED93CD00D5E16B /* UIKit.framework in Frameworks */,
				F849D6AE18ED93CD00D5E16B /* Foundation.framework in Frameworks */,
			);
			runOnlyForDeploymentPostprocessing = 0;
		};
/* End PBXFrameworksBuildPhase section */

/* Begin PBXGroup section */
		F849D67E18ED93CD00D5E16B = {
			isa = PBXGroup;
			children = (
				F849D69018ED93CD00D5E16B /* SocialTest */,
				F849D6B218ED93CD00D5E16B /* SocialTestTests */,
				F849D68918ED93CD00D5E16B /* Frameworks */,
				F849D68818ED93CD00D5E16B /* Products */,
			);
			sourceTree = "<group>";
		};
		F849D68818ED93CD00D5E16B /* Products */ = {
			isa = PBXGroup;
			children = (
				F849D68718ED93CD00D5E16B /* SocialTest.app */,
				F849D6AB18ED93CD00D5E16B /* SocialTestTests.xctest */,
			);
			name = Products;
			sourceTree = "<group>";
		};
		F849D68918ED93CD00D5E16B /* Frameworks */ = {
			isa = PBXGroup;
			children = (
				F849D68A18ED93CD00D5E16B /* Foundation.framework */,
				F849D68C18ED93CD00D5E16B /* CoreGraphics.framework */,
				F849D68E18ED93CD00D5E16B /* UIKit.framework */,
				F849D6AC18ED93CD00D5E16B /* XCTest.framework */,
			);
			name = Frameworks;
			sourceTree = "<group>";
		};
		F849D69018ED93CD00D5E16B /* SocialTest */ = {
			isa = PBXGroup;
			children = (
				F849D69918ED93CD00D5E16B /* AppDelegate.h */,
				F849D69A18ED93CD00D5E16B /* AppDelegate.m */,
				F849D69C18ED93CD00D5E16B /* Main.storyboard */,
				F849D69F18ED93CD00D5E16B /* MasterViewController.h */,
				F849D6A018ED93CD00D5E16B /* MasterViewController.m */,
				F849D6A218ED93CD00D5E16B /* DetailViewController.h */,
				F849D6A318ED93CD00D5E16B /* DetailViewController.m */,
				F849D6C218ED96E300D5E16B /* DealDetail.h */,
				F849D6C318ED96E300D5E16B /* DealDetail.m */,
				F849D6C518ED9A0E00D5E16B /* DealDetailCell.h */,
				F849D6C618ED9A0E00D5E16B /* DealDetailCell.m */,
				F849D6C818ED9B6A00D5E16B /* DealDetailCell.xib */,
				F849D6A518ED93CD00D5E16B /* Images.xcassets */,
				F849D69118ED93CD00D5E16B /* Supporting Files */,
			);
			path = SocialTest;
			sourceTree = "<group>";
		};
		F849D69118ED93CD00D5E16B /* Supporting Files */ = {
			isa = PBXGroup;
			children = (
				F849D69218ED93CD00D5E16B /* SocialTest-Info.plist */,
				F849D69318ED93CD00D5E16B /* InfoPlist.strings */,
				F849D69618ED93CD00D5E16B /* main.m */,
				F849D69818ED93CD00D5E16B /* SocialTest-Prefix.pch */,
			);
			name = "Supporting Files";
			sourceTree = "<group>";
		};
		F849D6B218ED93CD00D5E16B /* SocialTestTests */ = {
			isa = PBXGroup;
			children = (
				F849D6B818ED93CD00D5E16B /* SocialTestTests.m */,
				F849D6B318ED93CD00D5E16B /* Supporting Files */,
			);
			path = SocialTestTests;
			sourceTree = "<group>";
		};
		F849D6B318ED93CD00D5E16B /* Supporting Files */ = {
			isa = PBXGroup;
			children = (
				F849D6B418ED93CD00D5E16B /* SocialTestTests-Info.plist */,
				F849D6B518ED93CD00D5E16B /* InfoPlist.strings */,
			);
			name = "Supporting Files";
			sourceTree = "<group>";
		};
/* End PBXGroup section */

/* Begin PBXNativeTarget section */
		F849D68618ED93CD00D5E16B /* SocialTest */ = {
			isa = PBXNativeTarget;
			buildConfigurationList = F849D6BC18ED93CD00D5E16B /* Build configuration list for PBXNativeTarget "SocialTest" */;
			buildPhases = (
				F849D68318ED93CD00D5E16B /* Sources */,
				F849D68418ED93CD00D5E16B /* Frameworks */,
				F849D68518ED93CD00D5E16B /* Resources */,
			);
			buildRules = (
			);
			dependencies = (
			);
			name = SocialTest;
			productName = SocialTest;
			productReference = F849D68718ED93CD00D5E16B /* SocialTest.app */;
			productType = "com.apple.product-type.application";
		};
		F849D6AA18ED93CD00D5E16B /* SocialTestTests */ = {
			isa = PBXNativeTarget;
			buildConfigurationList = F849D6BF18ED93CD00D5E16B /* Build configuration list for PBXNativeTarget "SocialTestTests" */;
			buildPhases = (
				F849D6A718ED93CD00D5E16B /* Sources */,
				F849D6A818ED93CD00D5E16B /* Frameworks */,
				F849D6A918ED93CD00D5E16B /* Resources */,
			);
			buildRules = (
			);
			dependencies = (
				F849D6B118ED93CD00D5E16B /* PBXTargetDependency */,
			);
			name = SocialTestTests;
			productName = SocialTestTests;
			productReference = F849D6AB18ED93CD00D5E16B /* SocialTestTests.xctest */;
			productType = "com.apple.product-type.bundle.unit-test";
		};
/* End PBXNativeTarget section */

/* Begin PBXProject section */
		F849D67F18ED93CD00D5E16B /* Project object */ = {
			isa = PBXProject;
			attributes = {
				LastUpgradeCheck = 0510;
				ORGANIZATIONNAME = "A Guy and A Computer";
				TargetAttributes = {
					F849D6AA18ED93CD00D5E16B = {
						TestTargetID = F849D68618ED93CD00D5E16B;
					};
				};
			};
			buildConfigurationList = F849D68218ED93CD00D5E16B /* Build configuration list for PBXProject "SocialTest" */;
			compatibilityVersion = "Xcode 3.2";
			developmentRegion = English;
			hasScannedForEncodings = 0;
			knownRegions = (
				en,
				Base,
			);
			mainGroup = F849D67E18ED93CD00D5E16B;
			productRefGroup = F849D68818ED93CD00D5E16B /* Products */;
			projectDirPath = "";
			projectRoot = "";
			targets = (
				F849D68618ED93CD00D5E16B /* SocialTest */,
				F849D6AA18ED93CD00D5E16B /* SocialTestTests */,
			);
		};
/* End PBXProject section */

/* Begin PBXResourcesBuildPhase section */
		F849D68518ED93CD00D5E16B /* Resources */ = {
			isa = PBXResourcesBuildPhase;
			buildActionMask = 2147483647;
			files = (
				F849D6C918ED9B6A00D5E16B /* DealDetailCell.xib in Resources */,
				F849D6A618ED93CD00D5E16B /* Images.xcassets in Resources */,
				F849D69518ED93CD00D5E16B /* InfoPlist.strings in Resources */,
				F849D69E18ED93CD00D5E16B /* Main.storyboard in Resources */,
			);
			runOnlyForDeploymentPostprocessing = 0;
		};
		F849D6A918ED93CD00D5E16B /* Resources */ = {
			isa = PBXResourcesBuildPhase;
			buildActionMask = 2147483647;
			files = (
				F849D6B718ED93CD00D5E16B /* InfoPlist.strings in Resources */,
			);
			runOnlyForDeploymentPostprocessing = 0;
		};
/* End PBXResourcesBuildPhase section */

/* Begin PBXSourcesBuildPhase section */
		F849D68318ED93CD00D5E16B /* Sources */ = {
			isa = PBXSourcesBuildPhase;
			buildActionMask = 2147483647;
			files = (
				F849D69B18ED93CD00D5E16B /* AppDelegate.m in Sources */,
				F849D6A118ED93CD00D5E16B /* MasterViewController.m in Sources */,
				F849D6C718ED9A0E00D5E16B /* DealDetailCell.m in Sources */,
				F849D69718ED93CD00D5E16B /* main.m in Sources */,
				F849D6C418ED96E300D5E16B /* DealDetail.m in Sources */,
				F849D6A418ED93CD00D5E16B /* DetailViewController.m in Sources */,
			);
			runOnlyForDeploymentPostprocessing = 0;
		};
		F849D6A718ED93CD00D5E16B /* Sources */ = {
			isa = PBXSourcesBuildPhase;
			buildActionMask = 2147483647;
			files = (
				F849D6B918ED93CD00D5E16B /* SocialTestTests.m in Sources */,
			);
			runOnlyForDeploymentPostprocessing = 0;
		};
/* End PBXSourcesBuildPhase section */

/* Begin PBXTargetDependency section */
		F849D6B118ED93CD00D5E16B /* PBXTargetDependency */ = {
			isa = PBXTargetDependency;
			target = F849D68618ED93CD00D5E16B /* SocialTest */;
			targetProxy = F849D6B018ED93CD00D5E16B /* PBXContainerItemProxy */;
		};
/* End PBXTargetDependency section */

/* Begin PBXVariantGroup section */
		F849D69318ED93CD00D5E16B /* InfoPlist.strings */ = {
			isa = PBXVariantGroup;
			children = (
				F849D69418ED93CD00D5E16B /* en */,
			);
			name = InfoPlist.strings;
			sourceTree = "<group>";
		};
		F849D69C18ED93CD00D5E16B /* Main.storyboard */ = {
			isa = PBXVariantGroup;
			children = (
				F849D69D18ED93CD00D5E16B /* Base */,
			);
			name = Main.storyboard;
			sourceTree = "<group>";
		};
		F849D6B518ED93CD00D5E16B /* InfoPlist.strings */ = {
			isa = PBXVariantGroup;
			children = (
				F849D6B618ED93CD00D5E16B /* en */,
			);
			name = InfoPlist.strings;
			sourceTree = "<group>";
		};
/* End PBXVariantGroup section */

/* Begin XCBuildConfiguration section */
		F849D6BA18ED93CD00D5E16B /* Debug */ = {
			isa = XCBuildConfiguration;
			buildSettings = {
				ALWAYS_SEARCH_USER_PATHS = NO;
				CLANG_CXX_LANGUAGE_STANDARD = "gnu++0x";
				CLANG_CXX_LIBRARY = "libc++";
				CLANG_ENABLE_MODULES = YES;
				CLANG_ENABLE_OBJC_ARC = YES;
				CLANG_WARN_BOOL_CONVERSION = YES;
				CLANG_WARN_CONSTANT_CONVERSION = YES;
				CLANG_WARN_DIRECT_OBJC_ISA_USAGE = YES_ERROR;
				CLANG_WARN_EMPTY_BODY = YES;
				CLANG_WARN_ENUM_CONVERSION = YES;
				CLANG_WARN_INT_CONVERSION = YES;
				CLANG_WARN_OBJC_ROOT_CLASS = YES_ERROR;
				CLANG_WARN__DUPLICATE_METHOD_MATCH = YES;
				"CODE_SIGN_IDENTITY[sdk=iphoneos*]" = "iPhone Developer";
				COPY_PHASE_STRIP = NO;
				GCC_C_LANGUAGE_STANDARD = gnu99;
				GCC_DYNAMIC_NO_PIC = NO;
				GCC_OPTIMIZATION_LEVEL = 0;
				GCC_PREPROCESSOR_DEFINITIONS = (
					"DEBUG=1",
					"$(inherited)",
				);
				GCC_SYMBOLS_PRIVATE_EXTERN = NO;
				GCC_WARN_64_TO_32_BIT_CONVERSION = YES;
				GCC_WARN_ABOUT_RETURN_TYPE = YES_ERROR;
				GCC_WARN_UNDECLARED_SELECTOR = YES;
				GCC_WARN_UNINITIALIZED_AUTOS = YES_AGGRESSIVE;
				GCC_WARN_UNUSED_FUNCTION = YES;
				GCC_WARN_UNUSED_VARIABLE = YES;
				IPHONEOS_DEPLOYMENT_TARGET = 7.1;
				ONLY_ACTIVE_ARCH = YES;
				SDKROOT = iphoneos;
			};
			name = Debug;
		};
		F849D6BB18ED93CD00D5E16B /* Release */ = {
			isa = XCBuildConfiguration;
			buildSettings = {
				ALWAYS_SEARCH_USER_PATHS = NO;
				CLANG_CXX_LANGUAGE_STANDARD = "gnu++0x";
				CLANG_CXX_LIBRARY = "libc++";
				CLANG_ENABLE_MODULES = YES;
				CLANG_ENABLE_OBJC_ARC = YES;
				CLANG_WARN_BOOL_CONVERSION = YES;
				CLANG_WARN_CONSTANT_CONVERSION = YES;
				CLANG_WARN_DIRECT_OBJC_ISA_USAGE = YES_ERROR;
				CLANG_WARN_EMPTY_BODY = YES;
				CLANG_WARN_ENUM_CONVERSION = YES;
				CLANG_WARN_INT_CONVERSION = YES;
				CLANG_WARN_OBJC_ROOT_CLASS = YES_ERROR;
				CLANG_WARN__DUPLICATE_METHOD_MATCH = YES;
				"CODE_SIGN_IDENTITY[sdk=iphoneos*]" = "iPhone Developer";
				COPY_PHASE_STRIP = YES;
				ENABLE_NS_ASSERTIONS = NO;
				GCC_C_LANGUAGE_STANDARD = gnu99;
				GCC_WARN_64_TO_32_BIT_CONVERSION = YES;
				GCC_WARN_ABOUT_RETURN_TYPE = YES_ERROR;
				GCC_WARN_UNDECLARED_SELECTOR = YES;
				GCC_WARN_UNINITIALIZED_AUTOS = YES_AGGRESSIVE;
				GCC_WARN_UNUSED_FUNCTION = YES;
				GCC_WARN_UNUSED_VARIABLE = YES;
				IPHONEOS_DEPLOYMENT_TARGET = 7.1;
				SDKROOT = iphoneos;
				VALIDATE_PRODUCT = YES;
			};
			name = Release;
		};
		F849D6BD18ED93CD00D5E16B /* Debug */ = {
			isa = XCBuildConfiguration;
			buildSettings = {
				ASSETCATALOG_COMPILER_APPICON_NAME = AppIcon;
				ASSETCATALOG_COMPILER_LAUNCHIMAGE_NAME = LaunchImage;
				GCC_PRECOMPILE_PREFIX_HEADER = YES;
				GCC_PREFIX_HEADER = "SocialTest/SocialTest-Prefix.pch";
				INFOPLIST_FILE = "SocialTest/SocialTest-Info.plist";
				PRODUCT_NAME = "$(TARGET_NAME)";
				WRAPPER_EXTENSION = app;
			};
			name = Debug;
		};
		F849D6BE18ED93CD00D5E16B /* Release */ = {
			isa = XCBuildConfiguration;
			buildSettings = {
				ASSETCATALOG_COMPILER_APPICON_NAME = AppIcon;
				ASSETCATALOG_COMPILER_LAUNCHIMAGE_NAME = LaunchImage;
				GCC_PRECOMPILE_PREFIX_HEADER = YES;
				GCC_PREFIX_HEADER = "SocialTest/SocialTest-Prefix.pch";
				INFOPLIST_FILE = "SocialTest/SocialTest-Info.plist";
				PRODUCT_NAME = "$(TARGET_NAME)";
				WRAPPER_EXTENSION = app;
			};
			name = Release;
		};
		F849D6C018ED93CD00D5E16B /* Debug */ = {
			isa = XCBuildConfiguration;
			buildSettings = {
				BUNDLE_LOADER = "$(BUILT_PRODUCTS_DIR)/SocialTest.app/SocialTest";
				FRAMEWORK_SEARCH_PATHS = (
					"$(SDKROOT)/Developer/Library/Frameworks",
					"$(inherited)",
					"$(DEVELOPER_FRAMEWORKS_DIR)",
				);
				GCC_PRECOMPILE_PREFIX_HEADER = YES;
				GCC_PREFIX_HEADER = "SocialTest/SocialTest-Prefix.pch";
				GCC_PREPROCESSOR_DEFINITIONS = (
					"DEBUG=1",
					"$(inherited)",
				);
				INFOPLIST_FILE = "SocialTestTests/SocialTestTests-Info.plist";
				PRODUCT_NAME = "$(TARGET_NAME)";
				TEST_HOST = "$(BUNDLE_LOADER)";
				WRAPPER_EXTENSION = xctest;
			};
			name = Debug;
		};
		F849D6C118ED93CD00D5E16B /* Release */ = {
			isa = XCBuildConfiguration;
			buildSettings = {
				BUNDLE_LOADER = "$(BUILT_PRODUCTS_DIR)/SocialTest.app/SocialTest";
				FRAMEWORK_SEARCH_PATHS = (
					"$(SDKROOT)/Developer/Library/Frameworks",
					"$(inherited)",
					"$(DEVELOPER_FRAMEWORKS_DIR)",
				);
				GCC_PRECOMPILE_PREFIX_HEADER = YES;
				GCC_PREFIX_HEADER = "SocialTest/SocialTest-Prefix.pch";
				INFOPLIST_FILE = "SocialTestTests/SocialTestTests-Info.plist";
				PRODUCT_NAME = "$(TARGET_NAME)";
				TEST_HOST = "$(BUNDLE_LOADER)";
				WRAPPER_EXTENSION = xctest;
			};
			name = Release;
		};
/* End XCBuildConfiguration section */

/* Begin XCConfigurationList section */
		F849D68218ED93CD00D5E16B /* Build configuration list for PBXProject "SocialTest" */ = {
			isa = XCConfigurationList;
			buildConfigurations = (
				F849D6BA18ED93CD00D5E16B /* Debug */,
				F849D6BB18ED93CD00D5E16B /* Release */,
			);
			defaultConfigurationIsVisible = 0;
			defaultConfigurationName = Release;
		};
		F849D6BC18ED93CD00D5E16B /* Build configuration list for PBXNativeTarget "SocialTest" */ = {
			isa = XCConfigurationList;
			buildConfigurations = (
				F849D6BD18ED93CD00D5E16B /* Debug */,
				F849D6BE18ED93CD00D5E16B /* Release */,
			);
			defaultConfigurationIsVisible = 0;
		};
		F849D6BF18ED93CD00D5E16B /* Build configuration list for PBXNativeTarget "SocialTestTests" */ = {
			isa = XCConfigurationList;
			buildConfigurations = (
				F849D6C018ED93CD00D5E16B /* Debug */,
				F849D6C118ED93CD00D5E16B /* Release */,
			);
			defaultConfigurationIsVisible = 0;
		};
/* End XCConfigurationList section */
	};
	rootObject = F849D67F18ED93CD00D5E16B /* Project object */;
}
